
Microsoft Visual Studio Solution File, Format Version 12.00
Project("{FAE04EC0-301F-11D3-BF4B-00C04F79EFBC}") = "ShoppingList", "ShoppingList\ShoppingList.csproj", "{9F051C97-693C-436C-9909-7AB8CC8CDBE0}"
EndProject
Global
	GlobalSection(SolutionConfigurationPlatforms) = preSolution
		Debug|Any CPU = Debug|Any CPU
		Release|Any CPU = Release|Any CPU
	EndGlobalSection
	GlobalSection(ProjectConfigurationPlatforms) = postSolution
		{9F051C97-693C-436C-9909-7AB8CC8CDBE0}.Debug|Any CPU.ActiveCfg = Debug|Any CPU
		{9F051C97-693C-436C-9909-7AB8CC8CDBE0}.Debug|Any CPU.Build.0 = Debug|Any CPU
		{9F051C97-693C-436C-9909-7AB8CC8CDBE0}.Release|Any CPU.ActiveCfg = Release|Any CPU
		{9F051C97-693C-436C-9909-7AB8CC8CDBE0}.Release|Any CPU.Build.0 = Release|Any CPU
	EndGlobalSection
EndGlobal
