
Microsoft Visual Studio Solution File, Format Version 12.00
Project("{FAE04EC0-301F-11D3-BF4B-00C04F79EFBC}") = "Day-1-StudentClass-Example", "Day-1-StudentClass-Example\Day-1-StudentClass-Example.csproj", "{AB6BEE6B-5435-4F9D-9FE2-A42412408CDE}"
EndProject
Global
	GlobalSection(SolutionConfigurationPlatforms) = preSolution
		Debug|Any CPU = Debug|Any CPU
		Release|Any CPU = Release|Any CPU
	EndGlobalSection
	GlobalSection(ProjectConfigurationPlatforms) = postSolution
		{AB6BEE6B-5435-4F9D-9FE2-A42412408CDE}.Debug|Any CPU.ActiveCfg = Debug|Any CPU
		{AB6BEE6B-5435-4F9D-9FE2-A42412408CDE}.Debug|Any CPU.Build.0 = Debug|Any CPU
		{AB6BEE6B-5435-4F9D-9FE2-A42412408CDE}.Release|Any CPU.ActiveCfg = Release|Any CPU
		{AB6BEE6B-5435-4F9D-9FE2-A42412408CDE}.Release|Any CPU.Build.0 = Release|Any CPU
	EndGlobalSection
EndGlobal
